
Microsoft Visual Studio Solution File, Format Version 12.00
# Visual Studio 2012
Project("{FAE04EC0-301F-11D3-BF4B-00C04F79EFBC}") = "MarATHON", "MarATHON.csproj", "{66195657-A6A7-4CC1-A47A-8634A3D7FD7A}"
EndProject
Global
	GlobalSection(SolutionConfigurationPlatforms) = preSolution
		Debug|Any CPU = Debug|Any CPU
		Release|Any CPU = Release|Any CPU
	EndGlobalSection
	GlobalSection(ProjectConfigurationPlatforms) = postSolution
		{66195657-A6A7-4CC1-A47A-8634A3D7FD7A}.Debug|Any CPU.ActiveCfg = Debug|Any CPU
		{66195657-A6A7-4CC1-A47A-8634A3D7FD7A}.Debug|Any CPU.Build.0 = Debug|Any CPU
		{66195657-A6A7-4CC1-A47A-8634A3D7FD7A}.Release|Any CPU.ActiveCfg = Release|Any CPU
		{66195657-A6A7-4CC1-A47A-8634A3D7FD7A}.Release|Any CPU.Build.0 = Release|Any CPU
	EndGlobalSection
	GlobalSection(SolutionProperties) = preSolution
		HideSolutionNode = FALSE
	EndGlobalSection
EndGlobal
